
Microsoft Visual Studio Solution File, Format Version 12.00
# Visual Studio Version 16
VisualStudioVersion = 16.0.29709.97
MinimumVisualStudioVersion = 10.0.40219.1
Project("{FAE04EC0-301F-11D3-BF4B-00C04F79EFBC}") = "lasttry", "lasttry.csproj", "{91BD38FC-2ADA-4642-9DB2-F3CCE6AF89AA}"
EndProject
Global
	GlobalSection(SolutionConfigurationPlatforms) = preSolution
		Debug|Any CPU = Debug|Any CPU
		Release|Any CPU = Release|Any CPU
	EndGlobalSection
	GlobalSection(ProjectConfigurationPlatforms) = postSolution
		{91BD38FC-2ADA-4642-9DB2-F3CCE6AF89AA}.Debug|Any CPU.ActiveCfg = Debug|Any CPU
		{91BD38FC-2ADA-4642-9DB2-F3CCE6AF89AA}.Debug|Any CPU.Build.0 = Debug|Any CPU
		{91BD38FC-2ADA-4642-9DB2-F3CCE6AF89AA}.Release|Any CPU.ActiveCfg = Release|Any CPU
		{91BD38FC-2ADA-4642-9DB2-F3CCE6AF89AA}.Release|Any CPU.Build.0 = Release|Any CPU
	EndGlobalSection
	GlobalSection(SolutionProperties) = preSolution
		HideSolutionNode = FALSE
	EndGlobalSection
	GlobalSection(ExtensibilityGlobals) = postSolution
		SolutionGuid = {EA013C58-C77C-484B-90B6-CB9FFE74A6B9}
	EndGlobalSection
EndGlobal
